// !$*UTF8*$!
{
	archiveVersion = 1;
	classes = {
	};
	objectVersion = 48;
	objects = {

/* Begin PBXBuildFile section */
		EF05C868213E311F001067C3 /* DataModel.xcdatamodeld in Sources */ = {isa = PBXBuildFile; fileRef = EF05C866213E311F001067C3 /* DataModel.xcdatamodeld */; };
		EF05C88B213E773D001067C3 /* DetailContactViewController.swift in Sources */ = {isa = PBXBuildFile; fileRef = EF05C88A213E773D001067C3 /* DetailContactViewController.swift */; };
		EF0711D4215CCDA100A2ADE7 /* MasterViewController.swift in Sources */ = {isa = PBXBuildFile; fileRef = EF0711D3215CCDA100A2ADE7 /* MasterViewController.swift */; };
		EF22DA262152B1D100A59016 /* ProductTableViewCell.swift in Sources */ = {isa = PBXBuildFile; fileRef = EF22DA242152B1D100A59016 /* ProductTableViewCell.swift */; };
		EF22DA272152B1D100A59016 /* ProductTableViewCell.xib in Resources */ = {isa = PBXBuildFile; fileRef = EF22DA252152B1D100A59016 /* ProductTableViewCell.xib */; };
		EF22DA2A2152C1B700A59016 /* ContactTableViewCell.swift in Sources */ = {isa = PBXBuildFile; fileRef = EF22DA282152C1B700A59016 /* ContactTableViewCell.swift */; };
		EF22DA2B2152C1B700A59016 /* ContactTableViewCell.xib in Resources */ = {isa = PBXBuildFile; fileRef = EF22DA292152C1B700A59016 /* ContactTableViewCell.xib */; };
		EF2C882C2140310000AF7EA8 /* UpdateViewController.swift in Sources */ = {isa = PBXBuildFile; fileRef = EF2C882B2140310000AF7EA8 /* UpdateViewController.swift */; };
		EF468D202157A5A400E90E07 /* TableSectionHeader.swift in Sources */ = {isa = PBXBuildFile; fileRef = EF468D1E2157A5A400E90E07 /* TableSectionHeader.swift */; };
		EF468D212157A5A400E90E07 /* TableSectionHeader.xib in Resources */ = {isa = PBXBuildFile; fileRef = EF468D1F2157A5A400E90E07 /* TableSectionHeader.xib */; };
		EF58DF9A2153A04E00C85A39 /* DetailProductViewController.swift in Sources */ = {isa = PBXBuildFile; fileRef = EF58DF992153A04E00C85A39 /* DetailProductViewController.swift */; };
		EF58DF9C2153F3EC00C85A39 /* UpdateProductViewController.swift in Sources */ = {isa = PBXBuildFile; fileRef = EF58DF9B2153F3EC00C85A39 /* UpdateProductViewController.swift */; };
		EFCE0DE52147ADFF008BE2B0 /* ProductViewController.swift in Sources */ = {isa = PBXBuildFile; fileRef = EFCE0DE42147ADFF008BE2B0 /* ProductViewController.swift */; };
		EFCE0DE72147CC92008BE2B0 /* AddNewProductViewController.swift in Sources */ = {isa = PBXBuildFile; fileRef = EFCE0DE62147CC92008BE2B0 /* AddNewProductViewController.swift */; };
		EFD26BC2213A55C400A31CDC /* AddNewViewController.swift in Sources */ = {isa = PBXBuildFile; fileRef = EFD26BC1213A55C400A31CDC /* AddNewViewController.swift */; };
		EFD666F62143CE54000DD9A4 /* GroupViewController.swift in Sources */ = {isa = PBXBuildFile; fileRef = EFD666F52143CE54000DD9A4 /* GroupViewController.swift */; };
		EFEE302921397EAA0026B50B /* AppDelegate.swift in Sources */ = {isa = PBXBuildFile; fileRef = EFEE302821397EAA0026B50B /* AppDelegate.swift */; };
		EFEE302E21397EAA0026B50B /* Main.storyboard in Resources */ = {isa = PBXBuildFile; fileRef = EFEE302C21397EAA0026B50B /* Main.storyboard */; };
		EFEE303021397EAA0026B50B /* Assets.xcassets in Resources */ = {isa = PBXBuildFile; fileRef = EFEE302F21397EAA0026B50B /* Assets.xcassets */; };
		EFEE303D2139862B0026B50B /* ContactViewController.swift in Sources */ = {isa = PBXBuildFile; fileRef = EFEE303C2139862B0026B50B /* ContactViewController.swift */; };
		EFFF235D213AE63C007797A2 /* FloatingTextField.swift in Sources */ = {isa = PBXBuildFile; fileRef = EFFF235C213AE63C007797A2 /* FloatingTextField.swift */; };
/* End PBXBuildFile section */

/* Begin PBXCopyFilesBuildPhase section */
		EF93872A2160D3C00029977A /* Embed Frameworks */ = {
			isa = PBXCopyFilesBuildPhase;
			buildActionMask = 12;
			dstPath = "";
			dstSubfolderSpec = 10;
			files = (
			);
			name = "Embed Frameworks";
			runOnlyForDeploymentPostprocessing = 0;
		};
/* End PBXCopyFilesBuildPhase section */

/* Begin PBXFileReference section */
		EF05C867213E311F001067C3 /* DataModel.xcdatamodel */ = {isa = PBXFileReference; lastKnownFileType = wrapper.xcdatamodel; path = DataModel.xcdatamodel; sourceTree = "<group>"; };
		EF05C88A213E773D001067C3 /* DetailContactViewController.swift */ = {isa = PBXFileReference; lastKnownFileType = sourcecode.swift; path = DetailContactViewController.swift; sourceTree = "<group>"; };
		EF0711D3215CCDA100A2ADE7 /* MasterViewController.swift */ = {isa = PBXFileReference; lastKnownFileType = sourcecode.swift; path = MasterViewController.swift; sourceTree = "<group>"; };
		EF22DA242152B1D100A59016 /* ProductTableViewCell.swift */ = {isa = PBXFileReference; lastKnownFileType = sourcecode.swift; path = ProductTableViewCell.swift; sourceTree = "<group>"; };
		EF22DA252152B1D100A59016 /* ProductTableViewCell.xib */ = {isa = PBXFileReference; lastKnownFileType = file.xib; path = ProductTableViewCell.xib; sourceTree = "<group>"; };
		EF22DA282152C1B700A59016 /* ContactTableViewCell.swift */ = {isa = PBXFileReference; lastKnownFileType = sourcecode.swift; path = ContactTableViewCell.swift; sourceTree = "<group>"; };
		EF22DA292152C1B700A59016 /* ContactTableViewCell.xib */ = {isa = PBXFileReference; lastKnownFileType = file.xib; path = ContactTableViewCell.xib; sourceTree = "<group>"; };
		EF2C882B2140310000AF7EA8 /* UpdateViewController.swift */ = {isa = PBXFileReference; lastKnownFileType = sourcecode.swift; path = UpdateViewController.swift; sourceTree = "<group>"; };
		EF468D1E2157A5A400E90E07 /* TableSectionHeader.swift */ = {isa = PBXFileReference; lastKnownFileType = sourcecode.swift; path = TableSectionHeader.swift; sourceTree = "<group>"; };
		EF468D1F2157A5A400E90E07 /* TableSectionHeader.xib */ = {isa = PBXFileReference; lastKnownFileType = file.xib; path = TableSectionHeader.xib; sourceTree = "<group>"; };
		EF58DF992153A04E00C85A39 /* DetailProductViewController.swift */ = {isa = PBXFileReference; lastKnownFileType = sourcecode.swift; path = DetailProductViewController.swift; sourceTree = "<group>"; };
		EF58DF9B2153F3EC00C85A39 /* UpdateProductViewController.swift */ = {isa = PBXFileReference; lastKnownFileType = sourcecode.swift; path = UpdateProductViewController.swift; sourceTree = "<group>"; };
		EFCE0DE42147ADFF008BE2B0 /* ProductViewController.swift */ = {isa = PBXFileReference; lastKnownFileType = sourcecode.swift; path = ProductViewController.swift; sourceTree = "<group>"; };
		EFCE0DE62147CC92008BE2B0 /* AddNewProductViewController.swift */ = {isa = PBXFileReference; lastKnownFileType = sourcecode.swift; path = AddNewProductViewController.swift; sourceTree = "<group>"; };
		EFD26BC1213A55C400A31CDC /* AddNewViewController.swift */ = {isa = PBXFileReference; lastKnownFileType = sourcecode.swift; path = AddNewViewController.swift; sourceTree = "<group>"; };
		EFD666F52143CE54000DD9A4 /* GroupViewController.swift */ = {isa = PBXFileReference; lastKnownFileType = sourcecode.swift; path = GroupViewController.swift; sourceTree = "<group>"; };
		EFEE302521397EAA0026B50B /* ManageProduct.app */ = {isa = PBXFileReference; explicitFileType = wrapper.application; includeInIndex = 0; path = ManageProduct.app; sourceTree = BUILT_PRODUCTS_DIR; };
		EFEE302821397EAA0026B50B /* AppDelegate.swift */ = {isa = PBXFileReference; lastKnownFileType = sourcecode.swift; path = AppDelegate.swift; sourceTree = "<group>"; };
		EFEE302D21397EAA0026B50B /* Base */ = {isa = PBXFileReference; lastKnownFileType = file.storyboard; name = Base; path = Base.lproj/Main.storyboard; sourceTree = "<group>"; };
		EFEE302F21397EAA0026B50B /* Assets.xcassets */ = {isa = PBXFileReference; lastKnownFileType = folder.assetcatalog; path = Assets.xcassets; sourceTree = "<group>"; };
		EFEE303421397EAA0026B50B /* Info.plist */ = {isa = PBXFileReference; lastKnownFileType = text.plist.xml; path = Info.plist; sourceTree = "<group>"; };
		EFEE303C2139862B0026B50B /* ContactViewController.swift */ = {isa = PBXFileReference; lastKnownFileType = sourcecode.swift; path = ContactViewController.swift; sourceTree = "<group>"; };
		EFFF235C213AE63C007797A2 /* FloatingTextField.swift */ = {isa = PBXFileReference; lastKnownFileType = sourcecode.swift; path = FloatingTextField.swift; sourceTree = "<group>"; };
/* End PBXFileReference section */

/* Begin PBXFrameworksBuildPhase section */
		EFEE302221397EAA0026B50B /* Frameworks */ = {
			isa = PBXFrameworksBuildPhase;
			buildActionMask = 2147483647;
			files = (
			);
			runOnlyForDeploymentPostprocessing = 0;
		};
/* End PBXFrameworksBuildPhase section */

/* Begin PBXGroup section */
		EF9387202160D3450029977A /* Frameworks */ = {
			isa = PBXGroup;
			children = (
			);
			name = Frameworks;
			sourceTree = "<group>";
		};
		EFCE0DE02147A507008BE2B0 /* Contact */ = {
			isa = PBXGroup;
			children = (
				EFD26BC1213A55C400A31CDC /* AddNewViewController.swift */,
				EF05C88A213E773D001067C3 /* DetailContactViewController.swift */,
				EFD666F52143CE54000DD9A4 /* GroupViewController.swift */,
				EF2C882B2140310000AF7EA8 /* UpdateViewController.swift */,
				EFEE303C2139862B0026B50B /* ContactViewController.swift */,
				EF22DA282152C1B700A59016 /* ContactTableViewCell.swift */,
				EF22DA292152C1B700A59016 /* ContactTableViewCell.xib */,
			);
			path = Contact;
			sourceTree = "<group>";
		};
		EFCE0DE12147A97A008BE2B0 /* ImportProduct */ = {
			isa = PBXGroup;
			children = (
				EFCE0DE42147ADFF008BE2B0 /* ProductViewController.swift */,
				EFCE0DE62147CC92008BE2B0 /* AddNewProductViewController.swift */,
				EF22DA242152B1D100A59016 /* ProductTableViewCell.swift */,
				EF22DA252152B1D100A59016 /* ProductTableViewCell.xib */,
				EF58DF992153A04E00C85A39 /* DetailProductViewController.swift */,
				EF58DF9B2153F3EC00C85A39 /* UpdateProductViewController.swift */,
				EF468D1E2157A5A400E90E07 /* TableSectionHeader.swift */,
				EF468D1F2157A5A400E90E07 /* TableSectionHeader.xib */,
				EF0711D3215CCDA100A2ADE7 /* MasterViewController.swift */,
			);
			path = ImportProduct;
			sourceTree = "<group>";
		};
		EFEE301C21397EAA0026B50B = {
			isa = PBXGroup;
			children = (
				EF9387202160D3450029977A /* Frameworks */,
				EFEE302721397EAA0026B50B /* ManageProduct */,
				EFEE302621397EAA0026B50B /* Products */,
			);
			sourceTree = "<group>";
		};
		EFEE302621397EAA0026B50B /* Products */ = {
			isa = PBXGroup;
			children = (
				EFEE302521397EAA0026B50B /* ManageProduct.app */,
			);
			name = Products;
			sourceTree = "<group>";
		};
		EFEE302721397EAA0026B50B /* ManageProduct */ = {
			isa = PBXGroup;
			children = (
				EFEE302821397EAA0026B50B /* AppDelegate.swift */,
				EFCE0DE02147A507008BE2B0 /* Contact */,
				EFCE0DE12147A97A008BE2B0 /* ImportProduct */,
				EFEE302C21397EAA0026B50B /* Main.storyboard */,
				EFEE302F21397EAA0026B50B /* Assets.xcassets */,
				EFEE303421397EAA0026B50B /* Info.plist */,
				EFFF235C213AE63C007797A2 /* FloatingTextField.swift */,
				EF05C866213E311F001067C3 /* DataModel.xcdatamodeld */,
			);
			path = ManageProduct;
			sourceTree = "<group>";
		};
/* End PBXGroup section */

/* Begin PBXNativeTarget section */
		EFEE302421397EAA0026B50B /* ManageProduct */ = {
			isa = PBXNativeTarget;
			buildConfigurationList = EFEE303721397EAA0026B50B /* Build configuration list for PBXNativeTarget "ManageProduct" */;
			buildPhases = (
				EFEE302121397EAA0026B50B /* Sources */,
				EFEE302221397EAA0026B50B /* Frameworks */,
				EFEE302321397EAA0026B50B /* Resources */,
				EF93872A2160D3C00029977A /* Embed Frameworks */,
			);
			buildRules = (
			);
			dependencies = (
			);
			name = ManageProduct;
			productName = ManageProduct;
			productReference = EFEE302521397EAA0026B50B /* ManageProduct.app */;
			productType = "com.apple.product-type.application";
		};
/* End PBXNativeTarget section */

/* Begin PBXProject section */
		EFEE301D21397EAA0026B50B /* Project object */ = {
			isa = PBXProject;
			attributes = {
				LastSwiftUpdateCheck = 0910;
				LastUpgradeCheck = 0940;
				ORGANIZATIONNAME = NXA;
				TargetAttributes = {
					EFEE302421397EAA0026B50B = {
						CreatedOnToolsVersion = 9.1;
						ProvisioningStyle = Automatic;
					};
				};
			};
			buildConfigurationList = EFEE302021397EAA0026B50B /* Build configuration list for PBXProject "ManageProduct" */;
			compatibilityVersion = "Xcode 8.0";
			developmentRegion = en;
			hasScannedForEncodings = 0;
			knownRegions = (
				en,
				Base,
			);
			mainGroup = EFEE301C21397EAA0026B50B;
			productRefGroup = EFEE302621397EAA0026B50B /* Products */;
			projectDirPath = "";
			projectRoot = "";
			targets = (
				EFEE302421397EAA0026B50B /* ManageProduct */,
			);
		};
/* End PBXProject section */

/* Begin PBXResourcesBuildPhase section */
		EFEE302321397EAA0026B50B /* Resources */ = {
			isa = PBXResourcesBuildPhase;
			buildActionMask = 2147483647;
			files = (
				EF22DA272152B1D100A59016 /* ProductTableViewCell.xib in Resources */,
				EFEE303021397EAA0026B50B /* Assets.xcassets in Resources */,
				EF22DA2B2152C1B700A59016 /* ContactTableViewCell.xib in Resources */,
				EF468D212157A5A400E90E07 /* TableSectionHeader.xib in Resources */,
				EFEE302E21397EAA0026B50B /* Main.storyboard in Resources */,
			);
			runOnlyForDeploymentPostprocessing = 0;
		};
/* End PBXResourcesBuildPhase section */

/* Begin PBXSourcesBuildPhase section */
		EFEE302121397EAA0026B50B /* Sources */ = {
			isa = PBXSourcesBuildPhase;
			buildActionMask = 2147483647;
			files = (
				EF0711D4215CCDA100A2ADE7 /* MasterViewController.swift in Sources */,
				EF58DF9A2153A04E00C85A39 /* DetailProductViewController.swift in Sources */,
				EF22DA2A2152C1B700A59016 /* ContactTableViewCell.swift in Sources */,
				EFD666F62143CE54000DD9A4 /* GroupViewController.swift in Sources */,
				EFEE302921397EAA0026B50B /* AppDelegate.swift in Sources */,
				EFD26BC2213A55C400A31CDC /* AddNewViewController.swift in Sources */,
				EF05C868213E311F001067C3 /* DataModel.xcdatamodeld in Sources */,
				EFFF235D213AE63C007797A2 /* FloatingTextField.swift in Sources */,
				EF05C88B213E773D001067C3 /* DetailContactViewController.swift in Sources */,
				EFCE0DE52147ADFF008BE2B0 /* ProductViewController.swift in Sources */,
				EF22DA262152B1D100A59016 /* ProductTableViewCell.swift in Sources */,
				EF2C882C2140310000AF7EA8 /* UpdateViewController.swift in Sources */,
				EFEE303D2139862B0026B50B /* ContactViewController.swift in Sources */,
				EFCE0DE72147CC92008BE2B0 /* AddNewProductViewController.swift in Sources */,
				EF468D202157A5A400E90E07 /* TableSectionHeader.swift in Sources */,
				EF58DF9C2153F3EC00C85A39 /* UpdateProductViewController.swift in Sources */,
			);
			runOnlyForDeploymentPostprocessing = 0;
		};
/* End PBXSourcesBuildPhase section */

/* Begin PBXVariantGroup section */
		EFEE302C21397EAA0026B50B /* Main.storyboard */ = {
			isa = PBXVariantGroup;
			children = (
				EFEE302D21397EAA0026B50B /* Base */,
			);
			name = Main.storyboard;
			sourceTree = "<group>";
		};
/* End PBXVariantGroup section */

/* Begin XCBuildConfiguration section */
		EFEE303521397EAA0026B50B /* Debug */ = {
			isa = XCBuildConfiguration;
			buildSettings = {
				ALWAYS_SEARCH_USER_PATHS = NO;
				CLANG_ANALYZER_NONNULL = YES;
				CLANG_ANALYZER_NUMBER_OBJECT_CONVERSION = YES_AGGRESSIVE;
				CLANG_CXX_LANGUAGE_STANDARD = "gnu++14";
				CLANG_CXX_LIBRARY = "libc++";
				CLANG_ENABLE_MODULES = YES;
				CLANG_ENABLE_OBJC_ARC = YES;
				CLANG_WARN_BLOCK_CAPTURE_AUTORELEASING = YES;
				CLANG_WARN_BOOL_CONVERSION = YES;
				CLANG_WARN_COMMA = YES;
				CLANG_WARN_CONSTANT_CONVERSION = YES;
				CLANG_WARN_DEPRECATED_OBJC_IMPLEMENTATIONS = YES;
				CLANG_WARN_DIRECT_OBJC_ISA_USAGE = YES_ERROR;
				CLANG_WARN_DOCUMENTATION_COMMENTS = YES;
				CLANG_WARN_EMPTY_BODY = YES;
				CLANG_WARN_ENUM_CONVERSION = YES;
				CLANG_WARN_INFINITE_RECURSION = YES;
				CLANG_WARN_INT_CONVERSION = YES;
				CLANG_WARN_NON_LITERAL_NULL_CONVERSION = YES;
				CLANG_WARN_OBJC_IMPLICIT_RETAIN_SELF = YES;
				CLANG_WARN_OBJC_LITERAL_CONVERSION = YES;
				CLANG_WARN_OBJC_ROOT_CLASS = YES_ERROR;
				CLANG_WARN_RANGE_LOOP_ANALYSIS = YES;
				CLANG_WARN_STRICT_PROTOTYPES = YES;
				CLANG_WARN_SUSPICIOUS_MOVE = YES;
				CLANG_WARN_UNGUARDED_AVAILABILITY = YES_AGGRESSIVE;
				CLANG_WARN_UNREACHABLE_CODE = YES;
				CLANG_WARN__DUPLICATE_METHOD_MATCH = YES;
				CODE_SIGN_IDENTITY = "iPhone Developer";
				COPY_PHASE_STRIP = NO;
				DEBUG_INFORMATION_FORMAT = dwarf;
				ENABLE_STRICT_OBJC_MSGSEND = YES;
				ENABLE_TESTABILITY = YES;
				GCC_C_LANGUAGE_STANDARD = gnu11;
				GCC_DYNAMIC_NO_PIC = NO;
				GCC_NO_COMMON_BLOCKS = YES;
				GCC_OPTIMIZATION_LEVEL = 0;
				GCC_PREPROCESSOR_DEFINITIONS = (
					"DEBUG=1",
					"$(inherited)",
				);
				GCC_WARN_64_TO_32_BIT_CONVERSION = YES;
				GCC_WARN_ABOUT_RETURN_TYPE = YES_ERROR;
				GCC_WARN_UNDECLARED_SELECTOR = YES;
				GCC_WARN_UNINITIALIZED_AUTOS = YES_AGGRESSIVE;
				GCC_WARN_UNUSED_FUNCTION = YES;
				GCC_WARN_UNUSED_VARIABLE = YES;
				IPHONEOS_DEPLOYMENT_TARGET = 11.1;
				MTL_ENABLE_DEBUG_INFO = YES;
				ONLY_ACTIVE_ARCH = YES;
				SDKROOT = iphoneos;
				SWIFT_ACTIVE_COMPILATION_CONDITIONS = DEBUG;
				SWIFT_OPTIMIZATION_LEVEL = "-Onone";
			};
			name = Debug;
		};
		EFEE303621397EAA0026B50B /* Release */ = {
			isa = XCBuildConfiguration;
			buildSettings = {
				ALWAYS_SEARCH_USER_PATHS = NO;
				CLANG_ANALYZER_NONNULL = YES;
				CLANG_ANALYZER_NUMBER_OBJECT_CONVERSION = YES_AGGRESSIVE;
				CLANG_CXX_LANGUAGE_STANDARD = "gnu++14";
				CLANG_CXX_LIBRARY = "libc++";
				CLANG_ENABLE_MODULES = YES;
				CLANG_ENABLE_OBJC_ARC = YES;
				CLANG_WARN_BLOCK_CAPTURE_AUTORELEASING = YES;
				CLANG_WARN_BOOL_CONVERSION = YES;
				CLANG_WARN_COMMA = YES;
				CLANG_WARN_CONSTANT_CONVERSION = YES;
				CLANG_WARN_DEPRECATED_OBJC_IMPLEMENTATIONS = YES;
				CLANG_WARN_DIRECT_OBJC_ISA_USAGE = YES_ERROR;
				CLANG_WARN_DOCUMENTATION_COMMENTS = YES;
				CLANG_WARN_EMPTY_BODY = YES;
				CLANG_WARN_ENUM_CONVERSION = YES;
				CLANG_WARN_INFINITE_RECURSION = YES;
				CLANG_WARN_INT_CONVERSION = YES;
				CLANG_WARN_NON_LITERAL_NULL_CONVERSION = YES;
				CLANG_WARN_OBJC_IMPLICIT_RETAIN_SELF = YES;
				CLANG_WARN_OBJC_LITERAL_CONVERSION = YES;
				CLANG_WARN_OBJC_ROOT_CLASS = YES_ERROR;
				CLANG_WARN_RANGE_LOOP_ANALYSIS = YES;
				CLANG_WARN_STRICT_PROTOTYPES = YES;
				CLANG_WARN_SUSPICIOUS_MOVE = YES;
				CLANG_WARN_UNGUARDED_AVAILABILITY = YES_AGGRESSIVE;
				CLANG_WARN_UNREACHABLE_CODE = YES;
				CLANG_WARN__DUPLICATE_METHOD_MATCH = YES;
				CODE_SIGN_IDENTITY = "iPhone Developer";
				COPY_PHASE_STRIP = NO;
				DEBUG_INFORMATION_FORMAT = "dwarf-with-dsym";
				ENABLE_NS_ASSERTIONS = NO;
				ENABLE_STRICT_OBJC_MSGSEND = YES;
				GCC_C_LANGUAGE_STANDARD = gnu11;
				GCC_NO_COMMON_BLOCKS = YES;
				GCC_WARN_64_TO_32_BIT_CONVERSION = YES;
				GCC_WARN_ABOUT_RETURN_TYPE = YES_ERROR;
				GCC_WARN_UNDECLARED_SELECTOR = YES;
				GCC_WARN_UNINITIALIZED_AUTOS = YES_AGGRESSIVE;
				GCC_WARN_UNUSED_FUNCTION = YES;
				GCC_WARN_UNUSED_VARIABLE = YES;
				IPHONEOS_DEPLOYMENT_TARGET = 11.1;
				MTL_ENABLE_DEBUG_INFO = NO;
				SDKROOT = iphoneos;
				SWIFT_OPTIMIZATION_LEVEL = "-Owholemodule";
				VALIDATE_PRODUCT = YES;
			};
			name = Release;
		};
		EFEE303821397EAA0026B50B /* Debug */ = {
			isa = XCBuildConfiguration;
			buildSettings = {
				ASSETCATALOG_COMPILER_APPICON_NAME = AppIcon;
				CODE_SIGN_STYLE = Automatic;
				DEVELOPMENT_TEAM = V6DNR25453;
				FRAMEWORK_SEARCH_PATHS = (
					"$(inherited)",
					"$(PROJECT_DIR)/ManageProduct",
					"$(PROJECT_DIR)",
				);
				INFOPLIST_FILE = ManageProduct/Info.plist;
				IPHONEOS_DEPLOYMENT_TARGET = 11.4;
				LD_RUNPATH_SEARCH_PATHS = "$(inherited) @executable_path/Frameworks";
				PRODUCT_BUNDLE_IDENTIFIER = com.nxa.ManageProduct;
				PRODUCT_NAME = "$(TARGET_NAME)";
				SWIFT_VERSION = 4.0;
				TARGETED_DEVICE_FAMILY = "1,2";
			};
			name = Debug;
		};
		EFEE303921397EAA0026B50B /* Release */ = {
			isa = XCBuildConfiguration;
			buildSettings = {
				ASSETCATALOG_COMPILER_APPICON_NAME = AppIcon;
				CODE_SIGN_STYLE = Automatic;
				DEVELOPMENT_TEAM = V6DNR25453;
				FRAMEWORK_SEARCH_PATHS = (
					"$(inherited)",
					"$(PROJECT_DIR)/ManageProduct",
					"$(PROJECT_DIR)",
				);
				INFOPLIST_FILE = ManageProduct/Info.plist;
				IPHONEOS_DEPLOYMENT_TARGET = 11.4;
				LD_RUNPATH_SEARCH_PATHS = "$(inherited) @executable_path/Frameworks";
				PRODUCT_BUNDLE_IDENTIFIER = com.nxa.ManageProduct;
				PRODUCT_NAME = "$(TARGET_NAME)";
				SWIFT_VERSION = 4.0;
				TARGETED_DEVICE_FAMILY = "1,2";
			};
			name = Release;
		};
/* End XCBuildConfiguration section */

/* Begin XCConfigurationList section */
		EFEE302021397EAA0026B50B /* Build configuration list for PBXProject "ManageProduct" */ = {
			isa = XCConfigurationList;
			buildConfigurations = (
				EFEE303521397EAA0026B50B /* Debug */,
				EFEE303621397EAA0026B50B /* Release */,
			);
			defaultConfigurationIsVisible = 0;
			defaultConfigurationName = Release;
		};
		EFEE303721397EAA0026B50B /* Build configuration list for PBXNativeTarget "ManageProduct" */ = {
			isa = XCConfigurationList;
			buildConfigurations = (
				EFEE303821397EAA0026B50B /* Debug */,
				EFEE303921397EAA0026B50B /* Release */,
			);
			defaultConfigurationIsVisible = 0;
			defaultConfigurationName = Release;
		};
/* End XCConfigurationList section */

/* Begin XCVersionGroup section */
		EF05C866213E311F001067C3 /* DataModel.xcdatamodeld */ = {
			isa = XCVersionGroup;
			children = (
				EF05C867213E311F001067C3 /* DataModel.xcdatamodel */,
			);
			currentVersion = EF05C867213E311F001067C3 /* DataModel.xcdatamodel */;
			path = DataModel.xcdatamodeld;
			sourceTree = "<group>";
			versionGroupType = wrapper.xcdatamodel;
		};
/* End XCVersionGroup section */
	};
	rootObject = EFEE301D21397EAA0026B50B /* Project object */;
}
